// !$*UTF8*$!
{
	archiveVersion = 1;
	classes = {
	};
	objectVersion = 50;
	objects = {

/* Begin PBXBuildFile section */
		287CC10225D541AA004AF66F /* UIViewController+Alerts.swift in Sources */ = {isa = PBXBuildFile; fileRef = 287CC10125D541AA004AF66F /* UIViewController+Alerts.swift */; };
		28D2E13425D52CEC0089BC5D /* AppDelegate.swift in Sources */ = {isa = PBXBuildFile; fileRef = 28D2E13325D52CEC0089BC5D /* AppDelegate.swift */; };
		28D2E13625D52CEC0089BC5D /* SceneDelegate.swift in Sources */ = {isa = PBXBuildFile; fileRef = 28D2E13525D52CEC0089BC5D /* SceneDelegate.swift */; };
		28D2E13825D52CEC0089BC5D /* FeedViewController.swift in Sources */ = {isa = PBXBuildFile; fileRef = 28D2E13725D52CEC0089BC5D /* FeedViewController.swift */; };
		28D2E13B25D52CEC0089BC5D /* Main.storyboard in Resources */ = {isa = PBXBuildFile; fileRef = 28D2E13925D52CEC0089BC5D /* Main.storyboard */; };
		28D2E13D25D52CF00089BC5D /* Assets.xcassets in Resources */ = {isa = PBXBuildFile; fileRef = 28D2E13C25D52CF00089BC5D /* Assets.xcassets */; };
		28D2E14025D52CF00089BC5D /* LaunchScreen.storyboard in Resources */ = {isa = PBXBuildFile; fileRef = 28D2E13E25D52CF00089BC5D /* LaunchScreen.storyboard */; };
		28D2E14B25D52CF00089BC5D /* rickandmortyTests.swift in Sources */ = {isa = PBXBuildFile; fileRef = 28D2E14A25D52CF00089BC5D /* rickandmortyTests.swift */; };
		28D2E15625D52CF00089BC5D /* rickandmortyUITests.swift in Sources */ = {isa = PBXBuildFile; fileRef = 28D2E15525D52CF00089BC5D /* rickandmortyUITests.swift */; };
		28D2E16B25D52E390089BC5D /* FeedViewModel.swift in Sources */ = {isa = PBXBuildFile; fileRef = 28D2E16A25D52E390089BC5D /* FeedViewModel.swift */; };
		28D2E17025D52E540089BC5D /* FeedModel.swift in Sources */ = {isa = PBXBuildFile; fileRef = 28D2E16F25D52E540089BC5D /* FeedModel.swift */; };
		28D2E18025D5304E0089BC5D /* URLSession+Extensions.swift in Sources */ = {isa = PBXBuildFile; fileRef = 28D2E17F25D5304E0089BC5D /* URLSession+Extensions.swift */; };
		28D2E18525D530B10089BC5D /* CharacterCell.swift in Sources */ = {isa = PBXBuildFile; fileRef = 28D2E18425D530B10089BC5D /* CharacterCell.swift */; };
/* End PBXBuildFile section */

/* Begin PBXContainerItemProxy section */
		28D2E14725D52CF00089BC5D /* PBXContainerItemProxy */ = {
			isa = PBXContainerItemProxy;
			containerPortal = 28D2E12825D52CEC0089BC5D /* Project object */;
			proxyType = 1;
			remoteGlobalIDString = 28D2E12F25D52CEC0089BC5D;
			remoteInfo = rickandmorty;
		};
		28D2E15225D52CF00089BC5D /* PBXContainerItemProxy */ = {
			isa = PBXContainerItemProxy;
			containerPortal = 28D2E12825D52CEC0089BC5D /* Project object */;
			proxyType = 1;
			remoteGlobalIDString = 28D2E12F25D52CEC0089BC5D;
			remoteInfo = rickandmorty;
		};
/* End PBXContainerItemProxy section */

/* Begin PBXFileReference section */
		287CC10125D541AA004AF66F /* UIViewController+Alerts.swift */ = {isa = PBXFileReference; lastKnownFileType = sourcecode.swift; path = "UIViewController+Alerts.swift"; sourceTree = "<group>"; };
		28D2E13025D52CEC0089BC5D /* rickandmorty.app */ = {isa = PBXFileReference; explicitFileType = wrapper.application; includeInIndex = 0; path = rickandmorty.app; sourceTree = BUILT_PRODUCTS_DIR; };
		28D2E13325D52CEC0089BC5D /* AppDelegate.swift */ = {isa = PBXFileReference; lastKnownFileType = sourcecode.swift; path = AppDelegate.swift; sourceTree = "<group>"; };
		28D2E13525D52CEC0089BC5D /* SceneDelegate.swift */ = {isa = PBXFileReference; lastKnownFileType = sourcecode.swift; path = SceneDelegate.swift; sourceTree = "<group>"; };
		28D2E13725D52CEC0089BC5D /* FeedViewController.swift */ = {isa = PBXFileReference; lastKnownFileType = sourcecode.swift; path = FeedViewController.swift; sourceTree = "<group>"; };
		28D2E13A25D52CEC0089BC5D /* Base */ = {isa = PBXFileReference; lastKnownFileType = file.storyboard; name = Base; path = Base.lproj/Main.storyboard; sourceTree = "<group>"; };
		28D2E13C25D52CF00089BC5D /* Assets.xcassets */ = {isa = PBXFileReference; lastKnownFileType = folder.assetcatalog; path = Assets.xcassets; sourceTree = "<group>"; };
		28D2E13F25D52CF00089BC5D /* Base */ = {isa = PBXFileReference; lastKnownFileType = file.storyboard; name = Base; path = Base.lproj/LaunchScreen.storyboard; sourceTree = "<group>"; };
		28D2E14125D52CF00089BC5D /* Info.plist */ = {isa = PBXFileReference; lastKnownFileType = text.plist.xml; path = Info.plist; sourceTree = "<group>"; };
		28D2E14625D52CF00089BC5D /* rickandmortyTests.xctest */ = {isa = PBXFileReference; explicitFileType = wrapper.cfbundle; includeInIndex = 0; path = rickandmortyTests.xctest; sourceTree = BUILT_PRODUCTS_DIR; };
		28D2E14A25D52CF00089BC5D /* rickandmortyTests.swift */ = {isa = PBXFileReference; lastKnownFileType = sourcecode.swift; path = rickandmortyTests.swift; sourceTree = "<group>"; };
		28D2E14C25D52CF00089BC5D /* Info.plist */ = {isa = PBXFileReference; lastKnownFileType = text.plist.xml; path = Info.plist; sourceTree = "<group>"; };
		28D2E15125D52CF00089BC5D /* rickandmortyUITests.xctest */ = {isa = PBXFileReference; explicitFileType = wrapper.cfbundle; includeInIndex = 0; path = rickandmortyUITests.xctest; sourceTree = BUILT_PRODUCTS_DIR; };
		28D2E15525D52CF00089BC5D /* rickandmortyUITests.swift */ = {isa = PBXFileReference; lastKnownFileType = sourcecode.swift; path = rickandmortyUITests.swift; sourceTree = "<group>"; };
		28D2E15725D52CF00089BC5D /* Info.plist */ = {isa = PBXFileReference; lastKnownFileType = text.plist.xml; path = Info.plist; sourceTree = "<group>"; };
		28D2E16A25D52E390089BC5D /* FeedViewModel.swift */ = {isa = PBXFileReference; lastKnownFileType = sourcecode.swift; path = FeedViewModel.swift; sourceTree = "<group>"; };
		28D2E16F25D52E540089BC5D /* FeedModel.swift */ = {isa = PBXFileReference; lastKnownFileType = sourcecode.swift; path = FeedModel.swift; sourceTree = "<group>"; };
		28D2E17F25D5304E0089BC5D /* URLSession+Extensions.swift */ = {isa = PBXFileReference; lastKnownFileType = sourcecode.swift; path = "URLSession+Extensions.swift"; sourceTree = "<group>"; };
		28D2E18425D530B10089BC5D /* CharacterCell.swift */ = {isa = PBXFileReference; lastKnownFileType = sourcecode.swift; path = CharacterCell.swift; sourceTree = "<group>"; };
/* End PBXFileReference section */

/* Begin PBXFrameworksBuildPhase section */
		28D2E12D25D52CEC0089BC5D /* Frameworks */ = {
			isa = PBXFrameworksBuildPhase;
			buildActionMask = 2147483647;
			files = (
			);
			runOnlyForDeploymentPostprocessing = 0;
		};
		28D2E14325D52CF00089BC5D /* Frameworks */ = {
			isa = PBXFrameworksBuildPhase;
			buildActionMask = 2147483647;
			files = (
			);
			runOnlyForDeploymentPostprocessing = 0;
		};
		28D2E14E25D52CF00089BC5D /* Frameworks */ = {
			isa = PBXFrameworksBuildPhase;
			buildActionMask = 2147483647;
			files = (
			);
			runOnlyForDeploymentPostprocessing = 0;
		};
/* End PBXFrameworksBuildPhase section */

/* Begin PBXGroup section */
		28D2E12725D52CEC0089BC5D = {
			isa = PBXGroup;
			children = (
				28D2E13225D52CEC0089BC5D /* rickandmorty */,
				28D2E14925D52CF00089BC5D /* rickandmortyTests */,
				28D2E15425D52CF00089BC5D /* rickandmortyUITests */,
				28D2E13125D52CEC0089BC5D /* Products */,
			);
			sourceTree = "<group>";
		};
		28D2E13125D52CEC0089BC5D /* Products */ = {
			isa = PBXGroup;
			children = (
				28D2E13025D52CEC0089BC5D /* rickandmorty.app */,
				28D2E14625D52CF00089BC5D /* rickandmortyTests.xctest */,
				28D2E15125D52CF00089BC5D /* rickandmortyUITests.xctest */,
			);
			name = Products;
			sourceTree = "<group>";
		};
		28D2E13225D52CEC0089BC5D /* rickandmorty */ = {
			isa = PBXGroup;
			children = (
				28D2E17A25D52FB80089BC5D /* Utilities */,
				28D2E13325D52CEC0089BC5D /* AppDelegate.swift */,
				28D2E13525D52CEC0089BC5D /* SceneDelegate.swift */,
				28D2E16925D52E2C0089BC5D /* Feed */,
				28D2E13925D52CEC0089BC5D /* Main.storyboard */,
				28D2E13C25D52CF00089BC5D /* Assets.xcassets */,
				28D2E13E25D52CF00089BC5D /* LaunchScreen.storyboard */,
				28D2E14125D52CF00089BC5D /* Info.plist */,
			);
			path = rickandmorty;
			sourceTree = "<group>";
		};
		28D2E14925D52CF00089BC5D /* rickandmortyTests */ = {
			isa = PBXGroup;
			children = (
				28D2E14A25D52CF00089BC5D /* rickandmortyTests.swift */,
				28D2E14C25D52CF00089BC5D /* Info.plist */,
			);
			path = rickandmortyTests;
			sourceTree = "<group>";
		};
		28D2E15425D52CF00089BC5D /* rickandmortyUITests */ = {
			isa = PBXGroup;
			children = (
				28D2E15525D52CF00089BC5D /* rickandmortyUITests.swift */,
				28D2E15725D52CF00089BC5D /* Info.plist */,
			);
			path = rickandmortyUITests;
			sourceTree = "<group>";
		};
		28D2E16925D52E2C0089BC5D /* Feed */ = {
			isa = PBXGroup;
			children = (
				28D2E17B25D52FD70089BC5D /* Cell */,
				28D2E13725D52CEC0089BC5D /* FeedViewController.swift */,
				28D2E16A25D52E390089BC5D /* FeedViewModel.swift */,
				28D2E16F25D52E540089BC5D /* FeedModel.swift */,
			);
			path = Feed;
			sourceTree = "<group>";
		};
		28D2E17A25D52FB80089BC5D /* Utilities */ = {
			isa = PBXGroup;
			children = (
				28D2E17F25D5304E0089BC5D /* URLSession+Extensions.swift */,
				287CC10125D541AA004AF66F /* UIViewController+Alerts.swift */,
			);
			path = Utilities;
			sourceTree = "<group>";
		};
		28D2E17B25D52FD70089BC5D /* Cell */ = {
			isa = PBXGroup;
			children = (
				28D2E18425D530B10089BC5D /* CharacterCell.swift */,
			);
			path = Cell;
			sourceTree = "<group>";
		};
/* End PBXGroup section */

/* Begin PBXNativeTarget section */
		28D2E12F25D52CEC0089BC5D /* rickandmorty */ = {
			isa = PBXNativeTarget;
			buildConfigurationList = 28D2E15A25D52CF00089BC5D /* Build configuration list for PBXNativeTarget "rickandmorty" */;
			buildPhases = (
				28D2E12C25D52CEC0089BC5D /* Sources */,
				28D2E12D25D52CEC0089BC5D /* Frameworks */,
				28D2E12E25D52CEC0089BC5D /* Resources */,
			);
			buildRules = (
			);
			dependencies = (
			);
			name = rickandmorty;
			productName = rickandmorty;
			productReference = 28D2E13025D52CEC0089BC5D /* rickandmorty.app */;
			productType = "com.apple.product-type.application";
		};
		28D2E14525D52CF00089BC5D /* rickandmortyTests */ = {
			isa = PBXNativeTarget;
			buildConfigurationList = 28D2E15D25D52CF00089BC5D /* Build configuration list for PBXNativeTarget "rickandmortyTests" */;
			buildPhases = (
				28D2E14225D52CF00089BC5D /* Sources */,
				28D2E14325D52CF00089BC5D /* Frameworks */,
				28D2E14425D52CF00089BC5D /* Resources */,
			);
			buildRules = (
			);
			dependencies = (
				28D2E14825D52CF00089BC5D /* PBXTargetDependency */,
			);
			name = rickandmortyTests;
			productName = rickandmortyTests;
			productReference = 28D2E14625D52CF00089BC5D /* rickandmortyTests.xctest */;
			productType = "com.apple.product-type.bundle.unit-test";
		};
		28D2E15025D52CF00089BC5D /* rickandmortyUITests */ = {
			isa = PBXNativeTarget;
			buildConfigurationList = 28D2E16025D52CF00089BC5D /* Build configuration list for PBXNativeTarget "rickandmortyUITests" */;
			buildPhases = (
				28D2E14D25D52CF00089BC5D /* Sources */,
				28D2E14E25D52CF00089BC5D /* Frameworks */,
				28D2E14F25D52CF00089BC5D /* Resources */,
			);
			buildRules = (
			);
			dependencies = (
				28D2E15325D52CF00089BC5D /* PBXTargetDependency */,
			);
			name = rickandmortyUITests;
			productName = rickandmortyUITests;
			productReference = 28D2E15125D52CF00089BC5D /* rickandmortyUITests.xctest */;
			productType = "com.apple.product-type.bundle.ui-testing";
		};
/* End PBXNativeTarget section */

/* Begin PBXProject section */
		28D2E12825D52CEC0089BC5D /* Project object */ = {
			isa = PBXProject;
			attributes = {
				LastSwiftUpdateCheck = 1240;
				LastUpgradeCheck = 1240;
				TargetAttributes = {
					28D2E12F25D52CEC0089BC5D = {
						CreatedOnToolsVersion = 12.4;
					};
					28D2E14525D52CF00089BC5D = {
						CreatedOnToolsVersion = 12.4;
						TestTargetID = 28D2E12F25D52CEC0089BC5D;
					};
					28D2E15025D52CF00089BC5D = {
						CreatedOnToolsVersion = 12.4;
						TestTargetID = 28D2E12F25D52CEC0089BC5D;
					};
				};
			};
			buildConfigurationList = 28D2E12B25D52CEC0089BC5D /* Build configuration list for PBXProject "rickandmorty" */;
			compatibilityVersion = "Xcode 9.3";
			developmentRegion = en;
			hasScannedForEncodings = 0;
			knownRegions = (
				en,
				Base,
			);
			mainGroup = 28D2E12725D52CEC0089BC5D;
			productRefGroup = 28D2E13125D52CEC0089BC5D /* Products */;
			projectDirPath = "";
			projectRoot = "";
			targets = (
				28D2E12F25D52CEC0089BC5D /* rickandmorty */,
				28D2E14525D52CF00089BC5D /* rickandmortyTests */,
				28D2E15025D52CF00089BC5D /* rickandmortyUITests */,
			);
		};
/* End PBXProject section */

/* Begin PBXResourcesBuildPhase section */
		28D2E12E25D52CEC0089BC5D /* Resources */ = {
			isa = PBXResourcesBuildPhase;
			buildActionMask = 2147483647;
			files = (
				28D2E14025D52CF00089BC5D /* LaunchScreen.storyboard in Resources */,
				28D2E13D25D52CF00089BC5D /* Assets.xcassets in Resources */,
				28D2E13B25D52CEC0089BC5D /* Main.storyboard in Resources */,
			);
			runOnlyForDeploymentPostprocessing = 0;
		};
		28D2E14425D52CF00089BC5D /* Resources */ = {
			isa = PBXResourcesBuildPhase;
			buildActionMask = 2147483647;
			files = (
			);
			runOnlyForDeploymentPostprocessing = 0;
		};
		28D2E14F25D52CF00089BC5D /* Resources */ = {
			isa = PBXResourcesBuildPhase;
			buildActionMask = 2147483647;
			files = (
			);
			runOnlyForDeploymentPostprocessing = 0;
		};
/* End PBXResourcesBuildPhase section */

/* Begin PBXSourcesBuildPhase section */
		28D2E12C25D52CEC0089BC5D /* Sources */ = {
			isa = PBXSourcesBuildPhase;
			buildActionMask = 2147483647;
			files = (
				28D2E13825D52CEC0089BC5D /* FeedViewController.swift in Sources */,
				28D2E13425D52CEC0089BC5D /* AppDelegate.swift in Sources */,
				28D2E18025D5304E0089BC5D /* URLSession+Extensions.swift in Sources */,
				287CC10225D541AA004AF66F /* UIViewController+Alerts.swift in Sources */,
				28D2E18525D530B10089BC5D /* CharacterCell.swift in Sources */,
				28D2E17025D52E540089BC5D /* FeedModel.swift in Sources */,
				28D2E16B25D52E390089BC5D /* FeedViewModel.swift in Sources */,
				28D2E13625D52CEC0089BC5D /* SceneDelegate.swift in Sources */,
			);
			runOnlyForDeploymentPostprocessing = 0;
		};
		28D2E14225D52CF00089BC5D /* Sources */ = {
			isa = PBXSourcesBuildPhase;
			buildActionMask = 2147483647;
			files = (
				28D2E14B25D52CF00089BC5D /* rickandmortyTests.swift in Sources */,
			);
			runOnlyForDeploymentPostprocessing = 0;
		};
		28D2E14D25D52CF00089BC5D /* Sources */ = {
			isa = PBXSourcesBuildPhase;
			buildActionMask = 2147483647;
			files = (
				28D2E15625D52CF00089BC5D /* rickandmortyUITests.swift in Sources */,
			);
			runOnlyForDeploymentPostprocessing = 0;
		};
/* End PBXSourcesBuildPhase section */

/* Begin PBXTargetDependency section */
		28D2E14825D52CF00089BC5D /* PBXTargetDependency */ = {
			isa = PBXTargetDependency;
			target = 28D2E12F25D52CEC0089BC5D /* rickandmorty */;
			targetProxy = 28D2E14725D52CF00089BC5D /* PBXContainerItemProxy */;
		};
		28D2E15325D52CF00089BC5D /* PBXTargetDependency */ = {
			isa = PBXTargetDependency;
			target = 28D2E12F25D52CEC0089BC5D /* rickandmorty */;
			targetProxy = 28D2E15225D52CF00089BC5D /* PBXContainerItemProxy */;
		};
/* End PBXTargetDependency section */

/* Begin PBXVariantGroup section */
		28D2E13925D52CEC0089BC5D /* Main.storyboard */ = {
			isa = PBXVariantGroup;
			children = (
				28D2E13A25D52CEC0089BC5D /* Base */,
			);
			name = Main.storyboard;
			sourceTree = "<group>";
		};
		28D2E13E25D52CF00089BC5D /* LaunchScreen.storyboard */ = {
			isa = PBXVariantGroup;
			children = (
				28D2E13F25D52CF00089BC5D /* Base */,
			);
			name = LaunchScreen.storyboard;
			sourceTree = "<group>";
		};
/* End PBXVariantGroup section */

/* Begin XCBuildConfiguration section */
		28D2E15825D52CF00089BC5D /* Debug */ = {
			isa = XCBuildConfiguration;
			buildSettings = {
				ALWAYS_SEARCH_USER_PATHS = NO;
				CLANG_ANALYZER_NONNULL = YES;
				CLANG_ANALYZER_NUMBER_OBJECT_CONVERSION = YES_AGGRESSIVE;
				CLANG_CXX_LANGUAGE_STANDARD = "gnu++14";
				CLANG_CXX_LIBRARY = "libc++";
				CLANG_ENABLE_MODULES = YES;
				CLANG_ENABLE_OBJC_ARC = YES;
				CLANG_ENABLE_OBJC_WEAK = YES;
				CLANG_WARN_BLOCK_CAPTURE_AUTORELEASING = YES;
				CLANG_WARN_BOOL_CONVERSION = YES;
				CLANG_WARN_COMMA = YES;
				CLANG_WARN_CONSTANT_CONVERSION = YES;
				CLANG_WARN_DEPRECATED_OBJC_IMPLEMENTATIONS = YES;
				CLANG_WARN_DIRECT_OBJC_ISA_USAGE = YES_ERROR;
				CLANG_WARN_DOCUMENTATION_COMMENTS = YES;
				CLANG_WARN_EMPTY_BODY = YES;
				CLANG_WARN_ENUM_CONVERSION = YES;
				CLANG_WARN_INFINITE_RECURSION = YES;
				CLANG_WARN_INT_CONVERSION = YES;
				CLANG_WARN_NON_LITERAL_NULL_CONVERSION = YES;
				CLANG_WARN_OBJC_IMPLICIT_RETAIN_SELF = YES;
				CLANG_WARN_OBJC_LITERAL_CONVERSION = YES;
				CLANG_WARN_OBJC_ROOT_CLASS = YES_ERROR;
				CLANG_WARN_QUOTED_INCLUDE_IN_FRAMEWORK_HEADER = YES;
				CLANG_WARN_RANGE_LOOP_ANALYSIS = YES;
				CLANG_WARN_STRICT_PROTOTYPES = YES;
				CLANG_WARN_SUSPICIOUS_MOVE = YES;
				CLANG_WARN_UNGUARDED_AVAILABILITY = YES_AGGRESSIVE;
				CLANG_WARN_UNREACHABLE_CODE = YES;
				CLANG_WARN__DUPLICATE_METHOD_MATCH = YES;
				COPY_PHASE_STRIP = NO;
				DEBUG_INFORMATION_FORMAT = dwarf;
				ENABLE_STRICT_OBJC_MSGSEND = YES;
				ENABLE_TESTABILITY = YES;
				GCC_C_LANGUAGE_STANDARD = gnu11;
				GCC_DYNAMIC_NO_PIC = NO;
				GCC_NO_COMMON_BLOCKS = YES;
				GCC_OPTIMIZATION_LEVEL = 0;
				GCC_PREPROCESSOR_DEFINITIONS = (
					"DEBUG=1",
					"$(inherited)",
				);
				GCC_WARN_64_TO_32_BIT_CONVERSION = YES;
				GCC_WARN_ABOUT_RETURN_TYPE = YES_ERROR;
				GCC_WARN_UNDECLARED_SELECTOR = YES;
				GCC_WARN_UNINITIALIZED_AUTOS = YES_AGGRESSIVE;
				GCC_WARN_UNUSED_FUNCTION = YES;
				GCC_WARN_UNUSED_VARIABLE = YES;
				IPHONEOS_DEPLOYMENT_TARGET = 14.4;
				MTL_ENABLE_DEBUG_INFO = INCLUDE_SOURCE;
				MTL_FAST_MATH = YES;
				ONLY_ACTIVE_ARCH = YES;
				SDKROOT = iphoneos;
				SWIFT_ACTIVE_COMPILATION_CONDITIONS = DEBUG;
				SWIFT_OPTIMIZATION_LEVEL = "-Onone";
			};
			name = Debug;
		};
		28D2E15925D52CF00089BC5D /* Release */ = {
			isa = XCBuildConfiguration;
			buildSettings = {
				ALWAYS_SEARCH_USER_PATHS = NO;
				CLANG_ANALYZER_NONNULL = YES;
				CLANG_ANALYZER_NUMBER_OBJECT_CONVERSION = YES_AGGRESSIVE;
				CLANG_CXX_LANGUAGE_STANDARD = "gnu++14";
				CLANG_CXX_LIBRARY = "libc++";
				CLANG_ENABLE_MODULES = YES;
				CLANG_ENABLE_OBJC_ARC = YES;
				CLANG_ENABLE_OBJC_WEAK = YES;
				CLANG_WARN_BLOCK_CAPTURE_AUTORELEASING = YES;
				CLANG_WARN_BOOL_CONVERSION = YES;
				CLANG_WARN_COMMA = YES;
				CLANG_WARN_CONSTANT_CONVERSION = YES;
				CLANG_WARN_DEPRECATED_OBJC_IMPLEMENTATIONS = YES;
				CLANG_WARN_DIRECT_OBJC_ISA_USAGE = YES_ERROR;
				CLANG_WARN_DOCUMENTATION_COMMENTS = YES;
				CLANG_WARN_EMPTY_BODY = YES;
				CLANG_WARN_ENUM_CONVERSION = YES;
				CLANG_WARN_INFINITE_RECURSION = YES;
				CLANG_WARN_INT_CONVERSION = YES;
				CLANG_WARN_NON_LITERAL_NULL_CONVERSION = YES;
				CLANG_WARN_OBJC_IMPLICIT_RETAIN_SELF = YES;
				CLANG_WARN_OBJC_LITERAL_CONVERSION = YES;
				CLANG_WARN_OBJC_ROOT_CLASS = YES_ERROR;
				CLANG_WARN_QUOTED_INCLUDE_IN_FRAMEWORK_HEADER = YES;
				CLANG_WARN_RANGE_LOOP_ANALYSIS = YES;
				CLANG_WARN_STRICT_PROTOTYPES = YES;
				CLANG_WARN_SUSPICIOUS_MOVE = YES;
				CLANG_WARN_UNGUARDED_AVAILABILITY = YES_AGGRESSIVE;
				CLANG_WARN_UNREACHABLE_CODE = YES;
				CLANG_WARN__DUPLICATE_METHOD_MATCH = YES;
				COPY_PHASE_STRIP = NO;
				DEBUG_INFORMATION_FORMAT = "dwarf-with-dsym";
				ENABLE_NS_ASSERTIONS = NO;
				ENABLE_STRICT_OBJC_MSGSEND = YES;
				GCC_C_LANGUAGE_STANDARD = gnu11;
				GCC_NO_COMMON_BLOCKS = YES;
				GCC_WARN_64_TO_32_BIT_CONVERSION = YES;
				GCC_WARN_ABOUT_RETURN_TYPE = YES_ERROR;
				GCC_WARN_UNDECLARED_SELECTOR = YES;
				GCC_WARN_UNINITIALIZED_AUTOS = YES_AGGRESSIVE;
				GCC_WARN_UNUSED_FUNCTION = YES;
				GCC_WARN_UNUSED_VARIABLE = YES;
				IPHONEOS_DEPLOYMENT_TARGET = 14.4;
				MTL_ENABLE_DEBUG_INFO = NO;
				MTL_FAST_MATH = YES;
				SDKROOT = iphoneos;
				SWIFT_COMPILATION_MODE = wholemodule;
				SWIFT_OPTIMIZATION_LEVEL = "-O";
				VALIDATE_PRODUCT = YES;
			};
			name = Release;
		};
		28D2E15B25D52CF00089BC5D /* Debug */ = {
			isa = XCBuildConfiguration;
			buildSettings = {
				ASSETCATALOG_COMPILER_APPICON_NAME = AppIcon;
				ASSETCATALOG_COMPILER_GLOBAL_ACCENT_COLOR_NAME = AccentColor;
				CODE_SIGN_STYLE = Automatic;
				DEVELOPMENT_TEAM = NXD7C56LEN;
				INFOPLIST_FILE = rickandmorty/Info.plist;
				LD_RUNPATH_SEARCH_PATHS = (
					"$(inherited)",
					"@executable_path/Frameworks",
				);
				PRODUCT_BUNDLE_IDENTIFIER = com.pavelko3lov.rickandmorty;
				PRODUCT_NAME = "$(TARGET_NAME)";
				SWIFT_VERSION = 5.0;
				TARGETED_DEVICE_FAMILY = "1,2";
			};
			name = Debug;
		};
		28D2E15C25D52CF00089BC5D /* Release */ = {
			isa = XCBuildConfiguration;
			buildSettings = {
				ASSETCATALOG_COMPILER_APPICON_NAME = AppIcon;
				ASSETCATALOG_COMPILER_GLOBAL_ACCENT_COLOR_NAME = AccentColor;
				CODE_SIGN_STYLE = Automatic;
				DEVELOPMENT_TEAM = NXD7C56LEN;
				INFOPLIST_FILE = rickandmorty/Info.plist;
				LD_RUNPATH_SEARCH_PATHS = (
					"$(inherited)",
					"@executable_path/Frameworks",
				);
				PRODUCT_BUNDLE_IDENTIFIER = com.pavelko3lov.rickandmorty;
				PRODUCT_NAME = "$(TARGET_NAME)";
				SWIFT_VERSION = 5.0;
				TARGETED_DEVICE_FAMILY = "1,2";
			};
			name = Release;
		};
		28D2E15E25D52CF00089BC5D /* Debug */ = {
			isa = XCBuildConfiguration;
			buildSettings = {
				ALWAYS_EMBED_SWIFT_STANDARD_LIBRARIES = YES;
				BUNDLE_LOADER = "$(TEST_HOST)";
				CODE_SIGN_STYLE = Automatic;
				DEVELOPMENT_TEAM = NXD7C56LEN;
				INFOPLIST_FILE = rickandmortyTests/Info.plist;
				IPHONEOS_DEPLOYMENT_TARGET = 14.4;
				LD_RUNPATH_SEARCH_PATHS = (
					"$(inherited)",
					"@executable_path/Frameworks",
					"@loader_path/Frameworks",
				);
				PRODUCT_BUNDLE_IDENTIFIER = com.pavelko3lov.rickandmortyTests;
				PRODUCT_NAME = "$(TARGET_NAME)";
				SWIFT_VERSION = 5.0;
				TARGETED_DEVICE_FAMILY = "1,2";
				TEST_HOST = "$(BUILT_PRODUCTS_DIR)/rickandmorty.app/rickandmorty";
			};
			name = Debug;
		};
		28D2E15F25D52CF00089BC5D /* Release */ = {
			isa = XCBuildConfiguration;
			buildSettings = {
				ALWAYS_EMBED_SWIFT_STANDARD_LIBRARIES = YES;
				BUNDLE_LOADER = "$(TEST_HOST)";
				CODE_SIGN_STYLE = Automatic;
				DEVELOPMENT_TEAM = NXD7C56LEN;
				INFOPLIST_FILE = rickandmortyTests/Info.plist;
				IPHONEOS_DEPLOYMENT_TARGET = 14.4;
				LD_RUNPATH_SEARCH_PATHS = (
					"$(inherited)",
					"@executable_path/Frameworks",
					"@loader_path/Frameworks",
				);
				PRODUCT_BUNDLE_IDENTIFIER = com.pavelko3lov.rickandmortyTests;
				PRODUCT_NAME = "$(TARGET_NAME)";
				SWIFT_VERSION = 5.0;
				TARGETED_DEVICE_FAMILY = "1,2";
				TEST_HOST = "$(BUILT_PRODUCTS_DIR)/rickandmorty.app/rickandmorty";
			};
			name = Release;
		};
		28D2E16125D52CF00089BC5D /* Debug */ = {
			isa = XCBuildConfiguration;
			buildSettings = {
				ALWAYS_EMBED_SWIFT_STANDARD_LIBRARIES = YES;
				CODE_SIGN_STYLE = Automatic;
				DEVELOPMENT_TEAM = NXD7C56LEN;
				INFOPLIST_FILE = rickandmortyUITests/Info.plist;
				LD_RUNPATH_SEARCH_PATHS = (
					"$(inherited)",
					"@executable_path/Frameworks",
					"@loader_path/Frameworks",
				);
				PRODUCT_BUNDLE_IDENTIFIER = com.pavelko3lov.rickandmortyUITests;
				PRODUCT_NAME = "$(TARGET_NAME)";
				SWIFT_VERSION = 5.0;
				TARGETED_DEVICE_FAMILY = "1,2";
				TEST_TARGET_NAME = rickandmorty;
			};
			name = Debug;
		};
		28D2E16225D52CF00089BC5D /* Release */ = {
			isa = XCBuildConfiguration;
			buildSettings = {
				ALWAYS_EMBED_SWIFT_STANDARD_LIBRARIES = YES;
				CODE_SIGN_STYLE = Automatic;
				DEVELOPMENT_TEAM = NXD7C56LEN;
				INFOPLIST_FILE = rickandmortyUITests/Info.plist;
				LD_RUNPATH_SEARCH_PATHS = (
					"$(inherited)",
					"@executable_path/Frameworks",
					"@loader_path/Frameworks",
				);
				PRODUCT_BUNDLE_IDENTIFIER = com.pavelko3lov.rickandmortyUITests;
				PRODUCT_NAME = "$(TARGET_NAME)";
				SWIFT_VERSION = 5.0;
				TARGETED_DEVICE_FAMILY = "1,2";
				TEST_TARGET_NAME = rickandmorty;
			};
			name = Release;
		};
/* End XCBuildConfiguration section */

/* Begin XCConfigurationList section */
		28D2E12B25D52CEC0089BC5D /* Build configuration list for PBXProject "rickandmorty" */ = {
			isa = XCConfigurationList;
			buildConfigurations = (
				28D2E15825D52CF00089BC5D /* Debug */,
				28D2E15925D52CF00089BC5D /* Release */,
			);
			defaultConfigurationIsVisible = 0;
			defaultConfigurationName = Release;
		};
		28D2E15A25D52CF00089BC5D /* Build configuration list for PBXNativeTarget "rickandmorty" */ = {
			isa = XCConfigurationList;
			buildConfigurations = (
				28D2E15B25D52CF00089BC5D /* Debug */,
				28D2E15C25D52CF00089BC5D /* Release */,
			);
			defaultConfigurationIsVisible = 0;
			defaultConfigurationName = Release;
		};
		28D2E15D25D52CF00089BC5D /* Build configuration list for PBXNativeTarget "rickandmortyTests" */ = {
			isa = XCConfigurationList;
			buildConfigurations = (
				28D2E15E25D52CF00089BC5D /* Debug */,
				28D2E15F25D52CF00089BC5D /* Release */,
			);
			defaultConfigurationIsVisible = 0;
			defaultConfigurationName = Release;
		};
		28D2E16025D52CF00089BC5D /* Build configuration list for PBXNativeTarget "rickandmortyUITests" */ = {
			isa = XCConfigurationList;
			buildConfigurations = (
				28D2E16125D52CF00089BC5D /* Debug */,
				28D2E16225D52CF00089BC5D /* Release */,
			);
			defaultConfigurationIsVisible = 0;
			defaultConfigurationName = Release;
		};
/* End XCConfigurationList section */
	};
	rootObject = 28D2E12825D52CEC0089BC5D /* Project object */;
}
